github.com/arvaid/hugo-nyum v0.0.0-20230902201210-ca2e722158e3 h1:U5/xBUeSkZfbGBFWUZFPy8kB6O+ZD7keRmZdS9DkTiM=
github.com/arvaid/hugo-nyum v0.0.0-20230902201210-ca2e722158e3/go.mod h1:zYZcNetSsDCxzXiDR1m1KxQ8eQ0Ix2NjfZVsF+VAhPA=
github.com/arvaid/hugo-nyum v0.0.0-20230902203320-cca7d8d70ad3 h1:dL32THEgEUC7KA/gNcxmqOxqhrLQx0o2j+ts0wV99Q0=
github.com/arvaid/hugo-nyum v0.0.0-20230902203320-cca7d8d70ad3/go.mod h1:zYZcNetSsDCxzXiDR1m1KxQ8eQ0Ix2NjfZVsF+VAhPA=
github.com/arvaid/hugo-nyum v0.0.0-20230911093850-c18c9dfa4468 h1:rz0mZbcCFlhtw0c9n+5a9R+W7FQ9Z7EQ82ZTQRc5jbc=
github.com/arvaid/hugo-nyum v0.0.0-20230911093850-c18c9dfa4468/go.mod h1:zYZcNetSsDCxzXiDR1m1KxQ8eQ0Ix2NjfZVsF+VAhPA=
